
Microsoft Visual Studio Solution File, Format Version 12.00
# Visual Studio 15
VisualStudioVersion = 15.0.28010.2016
MinimumVisualStudioVersion = 10.0.40219.1
Project("{9A19103F-16F7-4668-BE54-9A1E7A4F7556}") = "OAuthSSO.IDP", "OAuthSSO.IDP\OAuthSSO.IDP.csproj", "{E1D4F008-7A29-466C-968D-FE82F005F063}"
EndProject
Project("{9A19103F-16F7-4668-BE54-9A1E7A4F7556}") = "ImageGallery.Model", "ImageGallery.Model\ImageGallery.Model.csproj", "{16A5C7EE-59A1-43CC-BA20-E549A5596E63}"
EndProject
Project("{9A19103F-16F7-4668-BE54-9A1E7A4F7556}") = "ImageGallery.Client", "ImageGallery.Client\ImageGallery.Client.csproj", "{C620267A-0BE2-4936-AD21-16389A7B02C5}"
EndProject
Project("{9A19103F-16F7-4668-BE54-9A1E7A4F7556}") = "ImageGallery.API", "ImageGallery.API\ImageGallery.API.csproj", "{268424D7-15D8-45AC-ACC4-47B768089C06}"
EndProject
Global
	GlobalSection(SolutionConfigurationPlatforms) = preSolution
		Debug|Any CPU = Debug|Any CPU
		Release|Any CPU = Release|Any CPU
	EndGlobalSection
	GlobalSection(ProjectConfigurationPlatforms) = postSolution
		{E1D4F008-7A29-466C-968D-FE82F005F063}.Debug|Any CPU.ActiveCfg = Debug|Any CPU
		{E1D4F008-7A29-466C-968D-FE82F005F063}.Debug|Any CPU.Build.0 = Debug|Any CPU
		{E1D4F008-7A29-466C-968D-FE82F005F063}.Release|Any CPU.ActiveCfg = Release|Any CPU
		{E1D4F008-7A29-466C-968D-FE82F005F063}.Release|Any CPU.Build.0 = Release|Any CPU
		{16A5C7EE-59A1-43CC-BA20-E549A5596E63}.Debug|Any CPU.ActiveCfg = Debug|Any CPU
		{16A5C7EE-59A1-43CC-BA20-E549A5596E63}.Debug|Any CPU.Build.0 = Debug|Any CPU
		{16A5C7EE-59A1-43CC-BA20-E549A5596E63}.Release|Any CPU.ActiveCfg = Release|Any CPU
		{16A5C7EE-59A1-43CC-BA20-E549A5596E63}.Release|Any CPU.Build.0 = Release|Any CPU
		{C620267A-0BE2-4936-AD21-16389A7B02C5}.Debug|Any CPU.ActiveCfg = Debug|Any CPU
		{C620267A-0BE2-4936-AD21-16389A7B02C5}.Debug|Any CPU.Build.0 = Debug|Any CPU
		{C620267A-0BE2-4936-AD21-16389A7B02C5}.Release|Any CPU.ActiveCfg = Release|Any CPU
		{C620267A-0BE2-4936-AD21-16389A7B02C5}.Release|Any CPU.Build.0 = Release|Any CPU
		{268424D7-15D8-45AC-ACC4-47B768089C06}.Debug|Any CPU.ActiveCfg = Debug|Any CPU
		{268424D7-15D8-45AC-ACC4-47B768089C06}.Debug|Any CPU.Build.0 = Debug|Any CPU
		{268424D7-15D8-45AC-ACC4-47B768089C06}.Release|Any CPU.ActiveCfg = Release|Any CPU
		{268424D7-15D8-45AC-ACC4-47B768089C06}.Release|Any CPU.Build.0 = Release|Any CPU
	EndGlobalSection
	GlobalSection(SolutionProperties) = preSolution
		HideSolutionNode = FALSE
	EndGlobalSection
	GlobalSection(ExtensibilityGlobals) = postSolution
		SolutionGuid = {D4BD22DE-FC4B-4D38-89CB-60A53AE09E77}
	EndGlobalSection
EndGlobal
